
Microsoft Visual Studio Solution File, Format Version 12.00
# Visual Studio Version 16
VisualStudioVersion = 16.0.31424.327
MinimumVisualStudioVersion = 10.0.40219.1
Project("{FAE04EC0-301F-11D3-BF4B-00C04F79EFBC}") = "WPF_Correct_Password", "WPF_Correct_Password\WPF_Correct_Password.csproj", "{148CAE7C-4343-4C79-A0E4-2D20B9F2D0FD}"
EndProject
Global
	GlobalSection(SolutionConfigurationPlatforms) = preSolution
		Debug|Any CPU = Debug|Any CPU
		Release|Any CPU = Release|Any CPU
	EndGlobalSection
	GlobalSection(ProjectConfigurationPlatforms) = postSolution
		{148CAE7C-4343-4C79-A0E4-2D20B9F2D0FD}.Debug|Any CPU.ActiveCfg = Debug|Any CPU
		{148CAE7C-4343-4C79-A0E4-2D20B9F2D0FD}.Debug|Any CPU.Build.0 = Debug|Any CPU
		{148CAE7C-4343-4C79-A0E4-2D20B9F2D0FD}.Release|Any CPU.ActiveCfg = Release|Any CPU
		{148CAE7C-4343-4C79-A0E4-2D20B9F2D0FD}.Release|Any CPU.Build.0 = Release|Any CPU
	EndGlobalSection
	GlobalSection(SolutionProperties) = preSolution
		HideSolutionNode = FALSE
	EndGlobalSection
	GlobalSection(ExtensibilityGlobals) = postSolution
		SolutionGuid = {86AC8246-EEAA-48EA-874D-C812E4E630F3}
	EndGlobalSection
EndGlobal
